{
  "name": "nod.js",
  "lockfileVersion": 3,
  "requires": true,
  "packages": {
    "": {
      "dependencies": {
        "nodemailer": "^6.9.15",
        "password-generator": "^2.3.2"
      }
    },
    "node_modules/nodemailer": {
      "version": "6.9.15",
      "resolved": "https://registry.npmjs.org/nodemailer/-/nodemailer-6.9.15.tgz",
      "integrity": "sha512-AHf04ySLC6CIfuRtRiEYtGEXgRfa6INgWGluDhnxTZhHSKvrBu7lc1VVchQ0d8nPc4cFaZoPq8vkyNoZr0TpGQ==",
      "license": "MIT-0",
      "engines": {
        "node": ">=6.0.0"
      }
    },
    "node_modules/password-generator": {
      "version": "2.3.2",
      "resolved": "https://registry.npmjs.org/password-generator/-/password-generator-2.3.2.tgz",
      "integrity": "sha512-kJWUrdveSAqHCeWJWnv5vNc89hFHM5au+pvKja5+xCTxlRF3zQaecJlR6hSoOotAJtQ3otQq4/Q4iWc/TxsXhA==",
      "bin": {
        "password-generator": "bin/password-generator"
      }
    }
  }
}
